// !$*UTF8*$!
{
	archiveVersion = 1;
	classes = {
	};
	objectVersion = 50;
	objects = {

/* Begin PBXBuildFile section */
		794E8CBE2484424100E18AF7 /* AppDelegate.swift in Sources */ = {isa = PBXBuildFile; fileRef = 794E8CBD2484424100E18AF7 /* AppDelegate.swift */; };
		794E8CC02484424100E18AF7 /* SceneDelegate.swift in Sources */ = {isa = PBXBuildFile; fileRef = 794E8CBF2484424100E18AF7 /* SceneDelegate.swift */; };
		794E8CC22484424100E18AF7 /* ContentView.swift in Sources */ = {isa = PBXBuildFile; fileRef = 794E8CC12484424100E18AF7 /* ContentView.swift */; };
		794E8CC42484424400E18AF7 /* Assets.xcassets in Resources */ = {isa = PBXBuildFile; fileRef = 794E8CC32484424400E18AF7 /* Assets.xcassets */; };
		794E8CC72484424400E18AF7 /* Preview Assets.xcassets in Resources */ = {isa = PBXBuildFile; fileRef = 794E8CC62484424400E18AF7 /* Preview Assets.xcassets */; };
		794E8CCA2484424400E18AF7 /* LaunchScreen.storyboard in Resources */ = {isa = PBXBuildFile; fileRef = 794E8CC82484424400E18AF7 /* LaunchScreen.storyboard */; };
/* End PBXBuildFile section */

/* Begin PBXFileReference section */
		794E8CBA2484424100E18AF7 /* SwiftUI View Inside a MapKit Callout.app */ = {isa = PBXFileReference; explicitFileType = wrapper.application; includeInIndex = 0; path = "SwiftUI View Inside a MapKit Callout.app"; sourceTree = BUILT_PRODUCTS_DIR; };
		794E8CBD2484424100E18AF7 /* AppDelegate.swift */ = {isa = PBXFileReference; lastKnownFileType = sourcecode.swift; path = AppDelegate.swift; sourceTree = "<group>"; };
		794E8CBF2484424100E18AF7 /* SceneDelegate.swift */ = {isa = PBXFileReference; lastKnownFileType = sourcecode.swift; path = SceneDelegate.swift; sourceTree = "<group>"; };
		794E8CC12484424100E18AF7 /* ContentView.swift */ = {isa = PBXFileReference; lastKnownFileType = sourcecode.swift; path = ContentView.swift; sourceTree = "<group>"; };
		794E8CC32484424400E18AF7 /* Assets.xcassets */ = {isa = PBXFileReference; lastKnownFileType = folder.assetcatalog; path = Assets.xcassets; sourceTree = "<group>"; };
		794E8CC62484424400E18AF7 /* Preview Assets.xcassets */ = {isa = PBXFileReference; lastKnownFileType = folder.assetcatalog; path = "Preview Assets.xcassets"; sourceTree = "<group>"; };
		794E8CC92484424400E18AF7 /* Base */ = {isa = PBXFileReference; lastKnownFileType = file.storyboard; name = Base; path = Base.lproj/LaunchScreen.storyboard; sourceTree = "<group>"; };
		794E8CCB2484424400E18AF7 /* Info.plist */ = {isa = PBXFileReference; lastKnownFileType = text.plist.xml; path = Info.plist; sourceTree = "<group>"; };
/* End PBXFileReference section */

/* Begin PBXFrameworksBuildPhase section */
		794E8CB72484424100E18AF7 /* Frameworks */ = {
			isa = PBXFrameworksBuildPhase;
			buildActionMask = 2147483647;
			files = (
			);
			runOnlyForDeploymentPostprocessing = 0;
		};
/* End PBXFrameworksBuildPhase section */

/* Begin PBXGroup section */
		794E8CB12484424100E18AF7 = {
			isa = PBXGroup;
			children = (
				794E8CBC2484424100E18AF7 /* SwiftUI View Inside a MapKit Callout */,
				794E8CBB2484424100E18AF7 /* Products */,
			);
			sourceTree = "<group>";
		};
		794E8CBB2484424100E18AF7 /* Products */ = {
			isa = PBXGroup;
			children = (
				794E8CBA2484424100E18AF7 /* SwiftUI View Inside a MapKit Callout.app */,
			);
			name = Products;
			sourceTree = "<group>";
		};
		794E8CBC2484424100E18AF7 /* SwiftUI View Inside a MapKit Callout */ = {
			isa = PBXGroup;
			children = (
				794E8CBD2484424100E18AF7 /* AppDelegate.swift */,
				794E8CBF2484424100E18AF7 /* SceneDelegate.swift */,
				794E8CC12484424100E18AF7 /* ContentView.swift */,
				794E8CC32484424400E18AF7 /* Assets.xcassets */,
				794E8CC82484424400E18AF7 /* LaunchScreen.storyboard */,
				794E8CCB2484424400E18AF7 /* Info.plist */,
				794E8CC52484424400E18AF7 /* Preview Content */,
			);
			path = "SwiftUI View Inside a MapKit Callout";
			sourceTree = "<group>";
		};
		794E8CC52484424400E18AF7 /* Preview Content */ = {
			isa = PBXGroup;
			children = (
				794E8CC62484424400E18AF7 /* Preview Assets.xcassets */,
			);
			path = "Preview Content";
			sourceTree = "<group>";
		};
/* End PBXGroup section */

/* Begin PBXNativeTarget section */
		794E8CB92484424100E18AF7 /* SwiftUI View Inside a MapKit Callout */ = {
			isa = PBXNativeTarget;
			buildConfigurationList = 794E8CCE2484424400E18AF7 /* Build configuration list for PBXNativeTarget "SwiftUI View Inside a MapKit Callout" */;
			buildPhases = (
				794E8CB62484424100E18AF7 /* Sources */,
				794E8CB72484424100E18AF7 /* Frameworks */,
				794E8CB82484424100E18AF7 /* Resources */,
			);
			buildRules = (
			);
			dependencies = (
			);
			name = "SwiftUI View Inside a MapKit Callout";
			productName = "SwiftUI View Inside a MapKit Callout";
			productReference = 794E8CBA2484424100E18AF7 /* SwiftUI View Inside a MapKit Callout.app */;
			productType = "com.apple.product-type.application";
		};
/* End PBXNativeTarget section */

/* Begin PBXProject section */
		794E8CB22484424100E18AF7 /* Project object */ = {
			isa = PBXProject;
			attributes = {
				LastSwiftUpdateCheck = 1150;
				LastUpgradeCheck = 1150;
				ORGANIZATIONNAME = "Ahmed El-Khuffash";
				TargetAttributes = {
					794E8CB92484424100E18AF7 = {
						CreatedOnToolsVersion = 11.5;
					};
				};
			};
			buildConfigurationList = 794E8CB52484424100E18AF7 /* Build configuration list for PBXProject "SwiftUI View Inside a MapKit Callout" */;
			compatibilityVersion = "Xcode 9.3";
			developmentRegion = en;
			hasScannedForEncodings = 0;
			knownRegions = (
				en,
				Base,
			);
			mainGroup = 794E8CB12484424100E18AF7;
			productRefGroup = 794E8CBB2484424100E18AF7 /* Products */;
			projectDirPath = "";
			projectRoot = "";
			targets = (
				794E8CB92484424100E18AF7 /* SwiftUI View Inside a MapKit Callout */,
			);
		};
/* End PBXProject section */

/* Begin PBXResourcesBuildPhase section */
		794E8CB82484424100E18AF7 /* Resources */ = {
			isa = PBXResourcesBuildPhase;
			buildActionMask = 2147483647;
			files = (
				794E8CCA2484424400E18AF7 /* LaunchScreen.storyboard in Resources */,
				794E8CC72484424400E18AF7 /* Preview Assets.xcassets in Resources */,
				794E8CC42484424400E18AF7 /* Assets.xcassets in Resources */,
			);
			runOnlyForDeploymentPostprocessing = 0;
		};
/* End PBXResourcesBuildPhase section */

/* Begin PBXSourcesBuildPhase section */
		794E8CB62484424100E18AF7 /* Sources */ = {
			isa = PBXSourcesBuildPhase;
			buildActionMask = 2147483647;
			files = (
				794E8CBE2484424100E18AF7 /* AppDelegate.swift in Sources */,
				794E8CC02484424100E18AF7 /* SceneDelegate.swift in Sources */,
				794E8CC22484424100E18AF7 /* ContentView.swift in Sources */,
			);
			runOnlyForDeploymentPostprocessing = 0;
		};
/* End PBXSourcesBuildPhase section */

/* Begin PBXVariantGroup section */
		794E8CC82484424400E18AF7 /* LaunchScreen.storyboard */ = {
			isa = PBXVariantGroup;
			children = (
				794E8CC92484424400E18AF7 /* Base */,
			);
			name = LaunchScreen.storyboard;
			sourceTree = "<group>";
		};
/* End PBXVariantGroup section */

/* Begin XCBuildConfiguration section */
		794E8CCC2484424400E18AF7 /* Debug */ = {
			isa = XCBuildConfiguration;
			buildSettings = {
				ALWAYS_SEARCH_USER_PATHS = NO;
				CLANG_ANALYZER_NONNULL = YES;
				CLANG_ANALYZER_NUMBER_OBJECT_CONVERSION = YES_AGGRESSIVE;
				CLANG_CXX_LANGUAGE_STANDARD = "gnu++14";
				CLANG_CXX_LIBRARY = "libc++";
				CLANG_ENABLE_MODULES = YES;
				CLANG_ENABLE_OBJC_ARC = YES;
				CLANG_ENABLE_OBJC_WEAK = YES;
				CLANG_WARN_BLOCK_CAPTURE_AUTORELEASING = YES;
				CLANG_WARN_BOOL_CONVERSION = YES;
				CLANG_WARN_COMMA = YES;
				CLANG_WARN_CONSTANT_CONVERSION = YES;
				CLANG_WARN_DEPRECATED_OBJC_IMPLEMENTATIONS = YES;
				CLANG_WARN_DIRECT_OBJC_ISA_USAGE = YES_ERROR;
				CLANG_WARN_DOCUMENTATION_COMMENTS = YES;
				CLANG_WARN_EMPTY_BODY = YES;
				CLANG_WARN_ENUM_CONVERSION = YES;
				CLANG_WARN_INFINITE_RECURSION = YES;
				CLANG_WARN_INT_CONVERSION = YES;
				CLANG_WARN_NON_LITERAL_NULL_CONVERSION = YES;
				CLANG_WARN_OBJC_IMPLICIT_RETAIN_SELF = YES;
				CLANG_WARN_OBJC_LITERAL_CONVERSION = YES;
				CLANG_WARN_OBJC_ROOT_CLASS = YES_ERROR;
				CLANG_WARN_RANGE_LOOP_ANALYSIS = YES;
				CLANG_WARN_STRICT_PROTOTYPES = YES;
				CLANG_WARN_SUSPICIOUS_MOVE = YES;
				CLANG_WARN_UNGUARDED_AVAILABILITY = YES_AGGRESSIVE;
				CLANG_WARN_UNREACHABLE_CODE = YES;
				CLANG_WARN__DUPLICATE_METHOD_MATCH = YES;
				COPY_PHASE_STRIP = NO;
				DEBUG_INFORMATION_FORMAT = dwarf;
				ENABLE_STRICT_OBJC_MSGSEND = YES;
				ENABLE_TESTABILITY = YES;
				GCC_C_LANGUAGE_STANDARD = gnu11;
				GCC_DYNAMIC_NO_PIC = NO;
				GCC_NO_COMMON_BLOCKS = YES;
				GCC_OPTIMIZATION_LEVEL = 0;
				GCC_PREPROCESSOR_DEFINITIONS = (
					"DEBUG=1",
					"$(inherited)",
				);
				GCC_WARN_64_TO_32_BIT_CONVERSION = YES;
				GCC_WARN_ABOUT_RETURN_TYPE = YES_ERROR;
				GCC_WARN_UNDECLARED_SELECTOR = YES;
				GCC_WARN_UNINITIALIZED_AUTOS = YES_AGGRESSIVE;
				GCC_WARN_UNUSED_FUNCTION = YES;
				GCC_WARN_UNUSED_VARIABLE = YES;
				IPHONEOS_DEPLOYMENT_TARGET = 13.5;
				MTL_ENABLE_DEBUG_INFO = INCLUDE_SOURCE;
				MTL_FAST_MATH = YES;
				ONLY_ACTIVE_ARCH = YES;
				SDKROOT = iphoneos;
				SWIFT_ACTIVE_COMPILATION_CONDITIONS = DEBUG;
				SWIFT_OPTIMIZATION_LEVEL = "-Onone";
			};
			name = Debug;
		};
		794E8CCD2484424400E18AF7 /* Release */ = {
			isa = XCBuildConfiguration;
			buildSettings = {
				ALWAYS_SEARCH_USER_PATHS = NO;
				CLANG_ANALYZER_NONNULL = YES;
				CLANG_ANALYZER_NUMBER_OBJECT_CONVERSION = YES_AGGRESSIVE;
				CLANG_CXX_LANGUAGE_STANDARD = "gnu++14";
				CLANG_CXX_LIBRARY = "libc++";
				CLANG_ENABLE_MODULES = YES;
				CLANG_ENABLE_OBJC_ARC = YES;
				CLANG_ENABLE_OBJC_WEAK = YES;
				CLANG_WARN_BLOCK_CAPTURE_AUTORELEASING = YES;
				CLANG_WARN_BOOL_CONVERSION = YES;
				CLANG_WARN_COMMA = YES;
				CLANG_WARN_CONSTANT_CONVERSION = YES;
				CLANG_WARN_DEPRECATED_OBJC_IMPLEMENTATIONS = YES;
				CLANG_WARN_DIRECT_OBJC_ISA_USAGE = YES_ERROR;
				CLANG_WARN_DOCUMENTATION_COMMENTS = YES;
				CLANG_WARN_EMPTY_BODY = YES;
				CLANG_WARN_ENUM_CONVERSION = YES;
				CLANG_WARN_INFINITE_RECURSION = YES;
				CLANG_WARN_INT_CONVERSION = YES;
				CLANG_WARN_NON_LITERAL_NULL_CONVERSION = YES;
				CLANG_WARN_OBJC_IMPLICIT_RETAIN_SELF = YES;
				CLANG_WARN_OBJC_LITERAL_CONVERSION = YES;
				CLANG_WARN_OBJC_ROOT_CLASS = YES_ERROR;
				CLANG_WARN_RANGE_LOOP_ANALYSIS = YES;
				CLANG_WARN_STRICT_PROTOTYPES = YES;
				CLANG_WARN_SUSPICIOUS_MOVE = YES;
				CLANG_WARN_UNGUARDED_AVAILABILITY = YES_AGGRESSIVE;
				CLANG_WARN_UNREACHABLE_CODE = YES;
				CLANG_WARN__DUPLICATE_METHOD_MATCH = YES;
				COPY_PHASE_STRIP = NO;
				DEBUG_INFORMATION_FORMAT = "dwarf-with-dsym";
				ENABLE_NS_ASSERTIONS = NO;
				ENABLE_STRICT_OBJC_MSGSEND = YES;
				GCC_C_LANGUAGE_STANDARD = gnu11;
				GCC_NO_COMMON_BLOCKS = YES;
				GCC_WARN_64_TO_32_BIT_CONVERSION = YES;
				GCC_WARN_ABOUT_RETURN_TYPE = YES_ERROR;
				GCC_WARN_UNDECLARED_SELECTOR = YES;
				GCC_WARN_UNINITIALIZED_AUTOS = YES_AGGRESSIVE;
				GCC_WARN_UNUSED_FUNCTION = YES;
				GCC_WARN_UNUSED_VARIABLE = YES;
				IPHONEOS_DEPLOYMENT_TARGET = 13.5;
				MTL_ENABLE_DEBUG_INFO = NO;
				MTL_FAST_MATH = YES;
				SDKROOT = iphoneos;
				SWIFT_COMPILATION_MODE = wholemodule;
				SWIFT_OPTIMIZATION_LEVEL = "-O";
				VALIDATE_PRODUCT = YES;
			};
			name = Release;
		};
		794E8CCF2484424400E18AF7 /* Debug */ = {
			isa = XCBuildConfiguration;
			buildSettings = {
				ASSETCATALOG_COMPILER_APPICON_NAME = AppIcon;
				CODE_SIGN_STYLE = Automatic;
				DEVELOPMENT_ASSET_PATHS = "\"SwiftUI View Inside a MapKit Callout/Preview Content\"";
				ENABLE_PREVIEWS = YES;
				INFOPLIST_FILE = "SwiftUI View Inside a MapKit Callout/Info.plist";
				LD_RUNPATH_SEARCH_PATHS = (
					"$(inherited)",
					"@executable_path/Frameworks",
				);
				PRODUCT_BUNDLE_IDENTIFIER = "com.khuffie.SwiftUI-View-Inside-a-MapKit-Callout";
				PRODUCT_NAME = "$(TARGET_NAME)";
				SWIFT_VERSION = 5.0;
				TARGETED_DEVICE_FAMILY = "1,2";
			};
			name = Debug;
		};
		794E8CD02484424400E18AF7 /* Release */ = {
			isa = XCBuildConfiguration;
			buildSettings = {
				ASSETCATALOG_COMPILER_APPICON_NAME = AppIcon;
				CODE_SIGN_STYLE = Automatic;
				DEVELOPMENT_ASSET_PATHS = "\"SwiftUI View Inside a MapKit Callout/Preview Content\"";
				ENABLE_PREVIEWS = YES;
				INFOPLIST_FILE = "SwiftUI View Inside a MapKit Callout/Info.plist";
				LD_RUNPATH_SEARCH_PATHS = (
					"$(inherited)",
					"@executable_path/Frameworks",
				);
				PRODUCT_BUNDLE_IDENTIFIER = "com.khuffie.SwiftUI-View-Inside-a-MapKit-Callout";
				PRODUCT_NAME = "$(TARGET_NAME)";
				SWIFT_VERSION = 5.0;
				TARGETED_DEVICE_FAMILY = "1,2";
			};
			name = Release;
		};
/* End XCBuildConfiguration section */

/* Begin XCConfigurationList section */
		794E8CB52484424100E18AF7 /* Build configuration list for PBXProject "SwiftUI View Inside a MapKit Callout" */ = {
			isa = XCConfigurationList;
			buildConfigurations = (
				794E8CCC2484424400E18AF7 /* Debug */,
				794E8CCD2484424400E18AF7 /* Release */,
			);
			defaultConfigurationIsVisible = 0;
			defaultConfigurationName = Release;
		};
		794E8CCE2484424400E18AF7 /* Build configuration list for PBXNativeTarget "SwiftUI View Inside a MapKit Callout" */ = {
			isa = XCConfigurationList;
			buildConfigurations = (
				794E8CCF2484424400E18AF7 /* Debug */,
				794E8CD02484424400E18AF7 /* Release */,
			);
			defaultConfigurationIsVisible = 0;
			defaultConfigurationName = Release;
		};
/* End XCConfigurationList section */
	};
	rootObject = 794E8CB22484424100E18AF7 /* Project object */;
}
